// !$*UTF8*$!
{
	archiveVersion = 1;
	classes = {
	};
	objectVersion = 46;
	objects = {

/* Begin PBXBuildFile section */
		B3EA41A3141E6CC80002DE17 /* UIKit.framework in Frameworks */ = {isa = PBXBuildFile; fileRef = B3EA41A2141E6CC80002DE17 /* UIKit.framework */; };
		B3EA41A5141E6CC80002DE17 /* Foundation.framework in Frameworks */ = {isa = PBXBuildFile; fileRef = B3EA41A4141E6CC80002DE17 /* Foundation.framework */; };
		B3EA41A7141E6CC80002DE17 /* CoreGraphics.framework in Frameworks */ = {isa = PBXBuildFile; fileRef = B3EA41A6141E6CC80002DE17 /* CoreGraphics.framework */; };
		B3EA41AD141E6CC80002DE17 /* InfoPlist.strings in Resources */ = {isa = PBXBuildFile; fileRef = B3EA41AB141E6CC80002DE17 /* InfoPlist.strings */; };
		B3EA41B0141E6CC80002DE17 /* main.m in Sources */ = {isa = PBXBuildFile; fileRef = B3EA41AF141E6CC80002DE17 /* main.m */; };
		B3EA41B3141E6CC80002DE17 /* MoviePlayAppDelegate.m in Sources */ = {isa = PBXBuildFile; fileRef = B3EA41B2141E6CC80002DE17 /* MoviePlayAppDelegate.m */; };
		B3EA41B6141E6CC80002DE17 /* MainWindow.xib in Resources */ = {isa = PBXBuildFile; fileRef = B3EA41B4141E6CC80002DE17 /* MainWindow.xib */; };
		B3EA41B9141E6CC80002DE17 /* MoviePlayViewController.m in Sources */ = {isa = PBXBuildFile; fileRef = B3EA41B8141E6CC80002DE17 /* MoviePlayViewController.m */; };
		B3EA41BC141E6CC80002DE17 /* MoviePlayViewController.xib in Resources */ = {isa = PBXBuildFile; fileRef = B3EA41BA141E6CC80002DE17 /* MoviePlayViewController.xib */; };
		B3EA41C3141E6CC80002DE17 /* UIKit.framework in Frameworks */ = {isa = PBXBuildFile; fileRef = B3EA41A2141E6CC80002DE17 /* UIKit.framework */; };
		B3EA41C4141E6CC80002DE17 /* Foundation.framework in Frameworks */ = {isa = PBXBuildFile; fileRef = B3EA41A4141E6CC80002DE17 /* Foundation.framework */; };
		B3EA41C5141E6CC80002DE17 /* CoreGraphics.framework in Frameworks */ = {isa = PBXBuildFile; fileRef = B3EA41A6141E6CC80002DE17 /* CoreGraphics.framework */; };
		B3EA41CD141E6CC80002DE17 /* InfoPlist.strings in Resources */ = {isa = PBXBuildFile; fileRef = B3EA41CB141E6CC80002DE17 /* InfoPlist.strings */; };
		B3EA41D0141E6CC80002DE17 /* MoviePlayTests.h in Resources */ = {isa = PBXBuildFile; fileRef = B3EA41CF141E6CC80002DE17 /* MoviePlayTests.h */; };
		B3EA41D2141E6CC80002DE17 /* MoviePlayTests.m in Sources */ = {isa = PBXBuildFile; fileRef = B3EA41D1141E6CC80002DE17 /* MoviePlayTests.m */; };
		B3EA41DC141E708E0002DE17 /* MediaPlayer.framework in Frameworks */ = {isa = PBXBuildFile; fileRef = B3EA41DB141E708D0002DE17 /* MediaPlayer.framework */; };
		B3EA41DE141E70B80002DE17 /* Movie.m4v in Resources */ = {isa = PBXBuildFile; fileRef = B3EA41DD141E70B80002DE17 /* Movie.m4v */; };
/* End PBXBuildFile section */

/* Begin PBXContainerItemProxy section */
		B3EA41C6141E6CC80002DE17 /* PBXContainerItemProxy */ = {
			isa = PBXContainerItemProxy;
			containerPortal = B3EA4195141E6CC70002DE17 /* Project object */;
			proxyType = 1;
			remoteGlobalIDString = B3EA419D141E6CC70002DE17;
			remoteInfo = MoviePlay;
		};
/* End PBXContainerItemProxy section */

/* Begin PBXFileReference section */
		B3EA419E141E6CC80002DE17 /* MoviePlay.app */ = {isa = PBXFileReference; explicitFileType = wrapper.application; includeInIndex = 0; path = MoviePlay.app; sourceTree = BUILT_PRODUCTS_DIR; };
		B3EA41A2141E6CC80002DE17 /* UIKit.framework */ = {isa = PBXFileReference; lastKnownFileType = wrapper.framework; name = UIKit.framework; path = System/Library/Frameworks/UIKit.framework; sourceTree = SDKROOT; };
		B3EA41A4141E6CC80002DE17 /* Foundation.framework */ = {isa = PBXFileReference; lastKnownFileType = wrapper.framework; name = Foundation.framework; path = System/Library/Frameworks/Foundation.framework; sourceTree = SDKROOT; };
		B3EA41A6141E6CC80002DE17 /* CoreGraphics.framework */ = {isa = PBXFileReference; lastKnownFileType = wrapper.framework; name = CoreGraphics.framework; path = System/Library/Frameworks/CoreGraphics.framework; sourceTree = SDKROOT; };
		B3EA41AA141E6CC80002DE17 /* MoviePlay-Info.plist */ = {isa = PBXFileReference; lastKnownFileType = text.plist.xml; path = "MoviePlay-Info.plist"; sourceTree = "<group>"; };
		B3EA41AC141E6CC80002DE17 /* en */ = {isa = PBXFileReference; lastKnownFileType = text.plist.strings; name = en; path = en.lproj/InfoPlist.strings; sourceTree = "<group>"; };
		B3EA41AE141E6CC80002DE17 /* MoviePlay-Prefix.pch */ = {isa = PBXFileReference; lastKnownFileType = sourcecode.c.h; path = "MoviePlay-Prefix.pch"; sourceTree = "<group>"; };
		B3EA41AF141E6CC80002DE17 /* main.m */ = {isa = PBXFileReference; lastKnownFileType = sourcecode.c.objc; path = main.m; sourceTree = "<group>"; };
		B3EA41B1141E6CC80002DE17 /* MoviePlayAppDelegate.h */ = {isa = PBXFileReference; lastKnownFileType = sourcecode.c.h; path = MoviePlayAppDelegate.h; sourceTree = "<group>"; };
		B3EA41B2141E6CC80002DE17 /* MoviePlayAppDelegate.m */ = {isa = PBXFileReference; lastKnownFileType = sourcecode.c.objc; path = MoviePlayAppDelegate.m; sourceTree = "<group>"; };
		B3EA41B5141E6CC80002DE17 /* en */ = {isa = PBXFileReference; lastKnownFileType = file.xib; name = en; path = en.lproj/MainWindow.xib; sourceTree = "<group>"; };
		B3EA41B7141E6CC80002DE17 /* MoviePlayViewController.h */ = {isa = PBXFileReference; lastKnownFileType = sourcecode.c.h; path = MoviePlayViewController.h; sourceTree = "<group>"; };
		B3EA41B8141E6CC80002DE17 /* MoviePlayViewController.m */ = {isa = PBXFileReference; lastKnownFileType = sourcecode.c.objc; path = MoviePlayViewController.m; sourceTree = "<group>"; };
		B3EA41BB141E6CC80002DE17 /* en */ = {isa = PBXFileReference; lastKnownFileType = file.xib; name = en; path = en.lproj/MoviePlayViewController.xib; sourceTree = "<group>"; };
		B3EA41C2141E6CC80002DE17 /* MoviePlayTests.octest */ = {isa = PBXFileReference; explicitFileType = wrapper.cfbundle; includeInIndex = 0; path = MoviePlayTests.octest; sourceTree = BUILT_PRODUCTS_DIR; };
		B3EA41CA141E6CC80002DE17 /* MoviePlayTests-Info.plist */ = {isa = PBXFileReference; lastKnownFileType = text.plist.xml; path = "MoviePlayTests-Info.plist"; sourceTree = "<group>"; };
		B3EA41CC141E6CC80002DE17 /* en */ = {isa = PBXFileReference; lastKnownFileType = text.plist.strings; name = en; path = en.lproj/InfoPlist.strings; sourceTree = "<group>"; };
		B3EA41CE141E6CC80002DE17 /* MoviePlayTests-Prefix.pch */ = {isa = PBXFileReference; lastKnownFileType = sourcecode.c.h; path = "MoviePlayTests-Prefix.pch"; sourceTree = "<group>"; };
		B3EA41CF141E6CC80002DE17 /* MoviePlayTests.h */ = {isa = PBXFileReference; lastKnownFileType = sourcecode.c.h; path = MoviePlayTests.h; sourceTree = "<group>"; };
		B3EA41D1141E6CC80002DE17 /* MoviePlayTests.m */ = {isa = PBXFileReference; lastKnownFileType = sourcecode.c.objc; path = MoviePlayTests.m; sourceTree = "<group>"; };
		B3EA41DB141E708D0002DE17 /* MediaPlayer.framework */ = {isa = PBXFileReference; lastKnownFileType = wrapper.framework; name = MediaPlayer.framework; path = System/Library/Frameworks/MediaPlayer.framework; sourceTree = SDKROOT; };
		B3EA41DD141E70B80002DE17 /* Movie.m4v */ = {isa = PBXFileReference; lastKnownFileType = file; path = Movie.m4v; sourceTree = "<group>"; };
/* End PBXFileReference section */

/* Begin PBXFrameworksBuildPhase section */
		B3EA419B141E6CC70002DE17 /* Frameworks */ = {
			isa = PBXFrameworksBuildPhase;
			buildActionMask = 2147483647;
			files = (
				B3EA41DC141E708E0002DE17 /* MediaPlayer.framework in Frameworks */,
				B3EA41A3141E6CC80002DE17 /* UIKit.framework in Frameworks */,
				B3EA41A5141E6CC80002DE17 /* Foundation.framework in Frameworks */,
				B3EA41A7141E6CC80002DE17 /* CoreGraphics.framework in Frameworks */,
			);
			runOnlyForDeploymentPostprocessing = 0;
		};
		B3EA41BE141E6CC80002DE17 /* Frameworks */ = {
			isa = PBXFrameworksBuildPhase;
			buildActionMask = 2147483647;
			files = (
				B3EA41C3141E6CC80002DE17 /* UIKit.framework in Frameworks */,
				B3EA41C4141E6CC80002DE17 /* Foundation.framework in Frameworks */,
				B3EA41C5141E6CC80002DE17 /* CoreGraphics.framework in Frameworks */,
			);
			runOnlyForDeploymentPostprocessing = 0;
		};
/* End PBXFrameworksBuildPhase section */

/* Begin PBXGroup section */
		B3EA4193141E6CC70002DE17 = {
			isa = PBXGroup;
			children = (
				B3EA41A8141E6CC80002DE17 /* MoviePlay */,
				B3EA41C8141E6CC80002DE17 /* MoviePlayTests */,
				B3EA41A1141E6CC80002DE17 /* Frameworks */,
				B3EA419F141E6CC80002DE17 /* Products */,
			);
			sourceTree = "<group>";
		};
		B3EA419F141E6CC80002DE17 /* Products */ = {
			isa = PBXGroup;
			children = (
				B3EA419E141E6CC80002DE17 /* MoviePlay.app */,
				B3EA41C2141E6CC80002DE17 /* MoviePlayTests.octest */,
			);
			name = Products;
			sourceTree = "<group>";
		};
		B3EA41A1141E6CC80002DE17 /* Frameworks */ = {
			isa = PBXGroup;
			children = (
				B3EA41DB141E708D0002DE17 /* MediaPlayer.framework */,
				B3EA41A2141E6CC80002DE17 /* UIKit.framework */,
				B3EA41A4141E6CC80002DE17 /* Foundation.framework */,
				B3EA41A6141E6CC80002DE17 /* CoreGraphics.framework */,
			);
			name = Frameworks;
			sourceTree = "<group>";
		};
		B3EA41A8141E6CC80002DE17 /* MoviePlay */ = {
			isa = PBXGroup;
			children = (
				B3EA41B1141E6CC80002DE17 /* MoviePlayAppDelegate.h */,
				B3EA41B2141E6CC80002DE17 /* MoviePlayAppDelegate.m */,
				B3EA41B4141E6CC80002DE17 /* MainWindow.xib */,
				B3EA41B7141E6CC80002DE17 /* MoviePlayViewController.h */,
				B3EA41B8141E6CC80002DE17 /* MoviePlayViewController.m */,
				B3EA41BA141E6CC80002DE17 /* MoviePlayViewController.xib */,
				B3EA41DD141E70B80002DE17 /* Movie.m4v */,
				B3EA41A9141E6CC80002DE17 /* Supporting Files */,
			);
			path = MoviePlay;
			sourceTree = "<group>";
		};
		B3EA41A9141E6CC80002DE17 /* Supporting Files */ = {
			isa = PBXGroup;
			children = (
				B3EA41AA141E6CC80002DE17 /* MoviePlay-Info.plist */,
				B3EA41AB141E6CC80002DE17 /* InfoPlist.strings */,
				B3EA41AE141E6CC80002DE17 /* MoviePlay-Prefix.pch */,
				B3EA41AF141E6CC80002DE17 /* main.m */,
			);
			name = "Supporting Files";
			sourceTree = "<group>";
		};
		B3EA41C8141E6CC80002DE17 /* MoviePlayTests */ = {
			isa = PBXGroup;
			children = (
				B3EA41CF141E6CC80002DE17 /* MoviePlayTests.h */,
				B3EA41D1141E6CC80002DE17 /* MoviePlayTests.m */,
				B3EA41C9141E6CC80002DE17 /* Supporting Files */,
			);
			path = MoviePlayTests;
			sourceTree = "<group>";
		};
		B3EA41C9141E6CC80002DE17 /* Supporting Files */ = {
			isa = PBXGroup;
			children = (
				B3EA41CA141E6CC80002DE17 /* MoviePlayTests-Info.plist */,
				B3EA41CB141E6CC80002DE17 /* InfoPlist.strings */,
				B3EA41CE141E6CC80002DE17 /* MoviePlayTests-Prefix.pch */,
			);
			name = "Supporting Files";
			sourceTree = "<group>";
		};
/* End PBXGroup section */

/* Begin PBXNativeTarget section */
		B3EA419D141E6CC70002DE17 /* MoviePlay */ = {
			isa = PBXNativeTarget;
			buildConfigurationList = B3EA41D5141E6CC80002DE17 /* Build configuration list for PBXNativeTarget "MoviePlay" */;
			buildPhases = (
				B3EA419A141E6CC70002DE17 /* Sources */,
				B3EA419B141E6CC70002DE17 /* Frameworks */,
				B3EA419C141E6CC70002DE17 /* Resources */,
			);
			buildRules = (
			);
			dependencies = (
			);
			name = MoviePlay;
			productName = MoviePlay;
			productReference = B3EA419E141E6CC80002DE17 /* MoviePlay.app */;
			productType = "com.apple.product-type.application";
		};
		B3EA41C1141E6CC80002DE17 /* MoviePlayTests */ = {
			isa = PBXNativeTarget;
			buildConfigurationList = B3EA41D8141E6CC80002DE17 /* Build configuration list for PBXNativeTarget "MoviePlayTests" */;
			buildPhases = (
				B3EA41BD141E6CC80002DE17 /* Sources */,
				B3EA41BE141E6CC80002DE17 /* Frameworks */,
				B3EA41BF141E6CC80002DE17 /* Resources */,
				B3EA41C0141E6CC80002DE17 /* ShellScript */,
			);
			buildRules = (
			);
			dependencies = (
				B3EA41C7141E6CC80002DE17 /* PBXTargetDependency */,
			);
			name = MoviePlayTests;
			productName = MoviePlayTests;
			productReference = B3EA41C2141E6CC80002DE17 /* MoviePlayTests.octest */;
			productType = "com.apple.product-type.bundle";
		};
/* End PBXNativeTarget section */

/* Begin PBXProject section */
		B3EA4195141E6CC70002DE17 /* Project object */ = {
			isa = PBXProject;
			buildConfigurationList = B3EA4198141E6CC70002DE17 /* Build configuration list for PBXProject "MoviePlay" */;
			compatibilityVersion = "Xcode 3.2";
			developmentRegion = English;
			hasScannedForEncodings = 0;
			knownRegions = (
				en,
			);
			mainGroup = B3EA4193141E6CC70002DE17;
			productRefGroup = B3EA419F141E6CC80002DE17 /* Products */;
			projectDirPath = "";
			projectRoot = "";
			targets = (
				B3EA419D141E6CC70002DE17 /* MoviePlay */,
				B3EA41C1141E6CC80002DE17 /* MoviePlayTests */,
			);
		};
/* End PBXProject section */

/* Begin PBXResourcesBuildPhase section */
		B3EA419C141E6CC70002DE17 /* Resources */ = {
			isa = PBXResourcesBuildPhase;
			buildActionMask = 2147483647;
			files = (
				B3EA41AD141E6CC80002DE17 /* InfoPlist.strings in Resources */,
				B3EA41B6141E6CC80002DE17 /* MainWindow.xib in Resources */,
				B3EA41BC141E6CC80002DE17 /* MoviePlayViewController.xib in Resources */,
				B3EA41DE141E70B80002DE17 /* Movie.m4v in Resources */,
			);
			runOnlyForDeploymentPostprocessing = 0;
		};
		B3EA41BF141E6CC80002DE17 /* Resources */ = {
			isa = PBXResourcesBuildPhase;
			buildActionMask = 2147483647;
			files = (
				B3EA41CD141E6CC80002DE17 /* InfoPlist.strings in Resources */,
				B3EA41D0141E6CC80002DE17 /* MoviePlayTests.h in Resources */,
			);
			runOnlyForDeploymentPostprocessing = 0;
		};
/* End PBXResourcesBuildPhase section */

/* Begin PBXShellScriptBuildPhase section */
		B3EA41C0141E6CC80002DE17 /* ShellScript */ = {
			isa = PBXShellScriptBuildPhase;
			buildActionMask = 2147483647;
			files = (
			);
			inputPaths = (
			);
			outputPaths = (
			);
			runOnlyForDeploymentPostprocessing = 0;
			shellPath = /bin/sh;
			shellScript = "# Run the unit tests in this test bundle.\n\"${SYSTEM_DEVELOPER_DIR}/Tools/RunUnitTests\"\n";
		};
/* End PBXShellScriptBuildPhase section */

/* Begin PBXSourcesBuildPhase section */
		B3EA419A141E6CC70002DE17 /* Sources */ = {
			isa = PBXSourcesBuildPhase;
			buildActionMask = 2147483647;
			files = (
				B3EA41B0141E6CC80002DE17 /* main.m in Sources */,
				B3EA41B3141E6CC80002DE17 /* MoviePlayAppDelegate.m in Sources */,
				B3EA41B9141E6CC80002DE17 /* MoviePlayViewController.m in Sources */,
			);
			runOnlyForDeploymentPostprocessing = 0;
		};
		B3EA41BD141E6CC80002DE17 /* Sources */ = {
			isa = PBXSourcesBuildPhase;
			buildActionMask = 2147483647;
			files = (
				B3EA41D2141E6CC80002DE17 /* MoviePlayTests.m in Sources */,
			);
			runOnlyForDeploymentPostprocessing = 0;
		};
/* End PBXSourcesBuildPhase section */

/* Begin PBXTargetDependency section */
		B3EA41C7141E6CC80002DE17 /* PBXTargetDependency */ = {
			isa = PBXTargetDependency;
			target = B3EA419D141E6CC70002DE17 /* MoviePlay */;
			targetProxy = B3EA41C6141E6CC80002DE17 /* PBXContainerItemProxy */;
		};
/* End PBXTargetDependency section */

/* Begin PBXVariantGroup section */
		B3EA41AB141E6CC80002DE17 /* InfoPlist.strings */ = {
			isa = PBXVariantGroup;
			children = (
				B3EA41AC141E6CC80002DE17 /* en */,
			);
			name = InfoPlist.strings;
			sourceTree = "<group>";
		};
		B3EA41B4141E6CC80002DE17 /* MainWindow.xib */ = {
			isa = PBXVariantGroup;
			children = (
				B3EA41B5141E6CC80002DE17 /* en */,
			);
			name = MainWindow.xib;
			sourceTree = "<group>";
		};
		B3EA41BA141E6CC80002DE17 /* MoviePlayViewController.xib */ = {
			isa = PBXVariantGroup;
			children = (
				B3EA41BB141E6CC80002DE17 /* en */,
			);
			name = MoviePlayViewController.xib;
			sourceTree = "<group>";
		};
		B3EA41CB141E6CC80002DE17 /* InfoPlist.strings */ = {
			isa = PBXVariantGroup;
			children = (
				B3EA41CC141E6CC80002DE17 /* en */,
			);
			name = InfoPlist.strings;
			sourceTree = "<group>";
		};
/* End PBXVariantGroup section */

/* Begin XCBuildConfiguration section */
		B3EA41D3141E6CC80002DE17 /* Debug */ = {
			isa = XCBuildConfiguration;
			buildSettings = {
				ARCHS = "$(ARCHS_STANDARD_32_BIT)";
				"CODE_SIGN_IDENTITY[sdk=iphoneos*]" = "iPhone Developer";
				GCC_C_LANGUAGE_STANDARD = gnu99;
				GCC_OPTIMIZATION_LEVEL = 0;
				GCC_PREPROCESSOR_DEFINITIONS = DEBUG;
				GCC_SYMBOLS_PRIVATE_EXTERN = NO;
				GCC_VERSION = com.apple.compilers.llvmgcc42;
				GCC_WARN_ABOUT_RETURN_TYPE = YES;
				GCC_WARN_UNUSED_VARIABLE = YES;
				IPHONEOS_DEPLOYMENT_TARGET = 4.3;
				SDKROOT = iphoneos;
			};
			name = Debug;
		};
		B3EA41D4141E6CC80002DE17 /* Release */ = {
			isa = XCBuildConfiguration;
			buildSettings = {
				ARCHS = "$(ARCHS_STANDARD_32_BIT)";
				"CODE_SIGN_IDENTITY[sdk=iphoneos*]" = "iPhone Developer";
				GCC_C_LANGUAGE_STANDARD = gnu99;
				GCC_VERSION = com.apple.compilers.llvmgcc42;
				GCC_WARN_ABOUT_RETURN_TYPE = YES;
				GCC_WARN_UNUSED_VARIABLE = YES;
				IPHONEOS_DEPLOYMENT_TARGET = 4.3;
				OTHER_CFLAGS = "-DNS_BLOCK_ASSERTIONS=1";
				SDKROOT = iphoneos;
			};
			name = Release;
		};
		B3EA41D6141E6CC80002DE17 /* Debug */ = {
			isa = XCBuildConfiguration;
			buildSettings = {
				ALWAYS_SEARCH_USER_PATHS = NO;
				COPY_PHASE_STRIP = NO;
				GCC_DYNAMIC_NO_PIC = NO;
				GCC_PRECOMPILE_PREFIX_HEADER = YES;
				GCC_PREFIX_HEADER = "MoviePlay/MoviePlay-Prefix.pch";
				INFOPLIST_FILE = "MoviePlay/MoviePlay-Info.plist";
				PRODUCT_NAME = "$(TARGET_NAME)";
				WRAPPER_EXTENSION = app;
			};
			name = Debug;
		};
		B3EA41D7141E6CC80002DE17 /* Release */ = {
			isa = XCBuildConfiguration;
			buildSettings = {
				ALWAYS_SEARCH_USER_PATHS = NO;
				COPY_PHASE_STRIP = YES;
				GCC_PRECOMPILE_PREFIX_HEADER = YES;
				GCC_PREFIX_HEADER = "MoviePlay/MoviePlay-Prefix.pch";
				INFOPLIST_FILE = "MoviePlay/MoviePlay-Info.plist";
				PRODUCT_NAME = "$(TARGET_NAME)";
				VALIDATE_PRODUCT = YES;
				WRAPPER_EXTENSION = app;
			};
			name = Release;
		};
		B3EA41D9141E6CC80002DE17 /* Debug */ = {
			isa = XCBuildConfiguration;
			buildSettings = {
				ALWAYS_SEARCH_USER_PATHS = NO;
				BUNDLE_LOADER = "$(BUILT_PRODUCTS_DIR)/MoviePlay.app/MoviePlay";
				FRAMEWORK_SEARCH_PATHS = (
					"$(SDKROOT)/Developer/Library/Frameworks",
					"$(DEVELOPER_LIBRARY_DIR)/Frameworks",
				);
				GCC_PRECOMPILE_PREFIX_HEADER = YES;
				GCC_PREFIX_HEADER = "MoviePlayTests/MoviePlayTests-Prefix.pch";
				INFOPLIST_FILE = "MoviePlayTests/MoviePlayTests-Info.plist";
				OTHER_LDFLAGS = (
					"-framework",
					SenTestingKit,
				);
				PRODUCT_NAME = "$(TARGET_NAME)";
				TEST_HOST = "$(BUNDLE_LOADER)";
				WRAPPER_EXTENSION = octest;
			};
			name = Debug;
		};
		B3EA41DA141E6CC80002DE17 /* Release */ = {
			isa = XCBuildConfiguration;
			buildSettings = {
				ALWAYS_SEARCH_USER_PATHS = NO;
				BUNDLE_LOADER = "$(BUILT_PRODUCTS_DIR)/MoviePlay.app/MoviePlay";
				FRAMEWORK_SEARCH_PATHS = (
					"$(SDKROOT)/Developer/Library/Frameworks",
					"$(DEVELOPER_LIBRARY_DIR)/Frameworks",
				);
				GCC_PRECOMPILE_PREFIX_HEADER = YES;
				GCC_PREFIX_HEADER = "MoviePlayTests/MoviePlayTests-Prefix.pch";
				INFOPLIST_FILE = "MoviePlayTests/MoviePlayTests-Info.plist";
				OTHER_LDFLAGS = (
					"-framework",
					SenTestingKit,
				);
				PRODUCT_NAME = "$(TARGET_NAME)";
				TEST_HOST = "$(BUNDLE_LOADER)";
				WRAPPER_EXTENSION = octest;
			};
			name = Release;
		};
/* End XCBuildConfiguration section */

/* Begin XCConfigurationList section */
		B3EA4198141E6CC70002DE17 /* Build configuration list for PBXProject "MoviePlay" */ = {
			isa = XCConfigurationList;
			buildConfigurations = (
				B3EA41D3141E6CC80002DE17 /* Debug */,
				B3EA41D4141E6CC80002DE17 /* Release */,
			);
			defaultConfigurationIsVisible = 0;
			defaultConfigurationName = Release;
		};
		B3EA41D5141E6CC80002DE17 /* Build configuration list for PBXNativeTarget "MoviePlay" */ = {
			isa = XCConfigurationList;
			buildConfigurations = (
				B3EA41D6141E6CC80002DE17 /* Debug */,
				B3EA41D7141E6CC80002DE17 /* Release */,
			);
			defaultConfigurationIsVisible = 0;
		};
		B3EA41D8141E6CC80002DE17 /* Build configuration list for PBXNativeTarget "MoviePlayTests" */ = {
			isa = XCConfigurationList;
			buildConfigurations = (
				B3EA41D9141E6CC80002DE17 /* Debug */,
				B3EA41DA141E6CC80002DE17 /* Release */,
			);
			defaultConfigurationIsVisible = 0;
		};
/* End XCConfigurationList section */
	};
	rootObject = B3EA4195141E6CC70002DE17 /* Project object */;
}
